
Microsoft Visual Studio Solution File, Format Version 12.00
# Visual Studio 15
VisualStudioVersion = 15.0.27130.2020
MinimumVisualStudioVersion = 10.0.40219.1
Project("{2150E333-8FDC-42A3-9474-1A3956D46DE8}") = "Core", "Core", "{0E610B9C-C406-4DA4-9603-D74ABE1C5AC9}"
EndProject
Project("{2150E333-8FDC-42A3-9474-1A3956D46DE8}") = "Windows", "Windows", "{9373882C-0132-4233-AA2A-635A9F3B01AE}"
EndProject
Project("{2150E333-8FDC-42A3-9474-1A3956D46DE8}") = "Tests", "Tests", "{B57AF87B-C8E8-445C-BFF9-98D1CF9D2F82}"
EndProject
Project("{2150E333-8FDC-42A3-9474-1A3956D46DE8}") = "PlatformSpecific", "PlatformSpecific", "{FFFEF4FD-E617-41C9-BFB7-D62FD60B1636}"
EndProject
Project("{2150E333-8FDC-42A3-9474-1A3956D46DE8}") = "Game", "Game", "{2A9C44E2-5A24-49A3-9972-A65BCD737214}"
EndProject
Project("{2150E333-8FDC-42A3-9474-1A3956D46DE8}") = "TicTacToe", "TicTacToe", "{CD09B200-F0CC-478C-BAB9-C66C58949FCA}"
EndProject
Project("{9A19103F-16F7-4668-BE54-9A1E7A4F7556}") = "KD.AutoBot", "Core\KD.AutoBot\KD.AutoBot.csproj", "{4D0A7C4C-BA46-49D0-A176-2C487F4BA17A}"
EndProject
Project("{9A19103F-16F7-4668-BE54-9A1E7A4F7556}") = "KD.AutoBot.AI", "Core\KD.AutoBot.AI\KD.AutoBot.AI.csproj", "{82FB74DC-10D3-466D-ACEE-8E8B379B8E4F}"
EndProject
Project("{9A19103F-16F7-4668-BE54-9A1E7A4F7556}") = "KD.AutoBot.AI.Impl", "Core\KD.AutoBot.AI.Impl\KD.AutoBot.AI.Impl.csproj", "{FA99A207-BFDE-4F04-9157-37C8CAA55215}"
EndProject
Project("{FAE04EC0-301F-11D3-BF4B-00C04F79EFBC}") = "Game_TicTacToe", "Game\TicTacToe\Game_TicTacToe\Game_TicTacToe.csproj", "{1428CB94-9F10-4EBE-ADD2-512AE11F0D59}"
EndProject
Project("{9A19103F-16F7-4668-BE54-9A1E7A4F7556}") = "KD.AutoBot.Connection.Windows", "PlatformSpecific\Windows\KD.AutoBot.Connection.Windows\KD.AutoBot.Connection.Windows.csproj", "{77A2613F-3C30-4A9B-B8A5-C3D281B0C0E6}"
EndProject
Project("{9A19103F-16F7-4668-BE54-9A1E7A4F7556}") = "KD.AutoBot.Input.Windows", "PlatformSpecific\Windows\KD.AutoBot.Input.Windows\KD.AutoBot.Input.Windows.csproj", "{AF3441D5-3587-4672-A1D1-833DF2573C24}"
EndProject
Project("{FAE04EC0-301F-11D3-BF4B-00C04F79EFBC}") = "Test_LibraryTest_GeneticSharp", "Tests\Test_LibraryTest_GeneticSharp\Test_LibraryTest_GeneticSharp.csproj", "{BB09FC06-4D6A-4BF5-934F-5B11B860BA16}"
EndProject
Project("{9A19103F-16F7-4668-BE54-9A1E7A4F7556}") = "Test_NeuralNetwork_Addition", "Tests\Test_NeuralNetwork_Addition\Test_NeuralNetwork_Addition.csproj", "{387975F9-F06E-467B-B0EF-03769BD911C1}"
EndProject
Project("{9A19103F-16F7-4668-BE54-9A1E7A4F7556}") = "Test_Windows_ConnectionHandler", "Tests\Test_Windows_ConnectionHandler\Test_Windows_ConnectionHandler.csproj", "{5CE4D6E5-D5FA-40CE-8783-20E257C6AFF1}"
EndProject
Project("{9A19103F-16F7-4668-BE54-9A1E7A4F7556}") = "Test_Windows_ConnectionHandler_SubControls", "Tests\Test_Windows_ConnectionHandler_SubControls\Test_Windows_ConnectionHandler_SubControls.csproj", "{DE4DAB53-D81C-4BD1-8C57-9B78A1F1F7AB}"
EndProject
Project("{FAE04EC0-301F-11D3-BF4B-00C04F79EFBC}") = "Test_Windows_Forms_TestForm", "Tests\Test_Windows_Forms_TestForm\Test_Windows_Forms_TestForm.csproj", "{9A32BC10-FAE7-42FD-AE34-F64FC26860B8}"
EndProject
Project("{9A19103F-16F7-4668-BE54-9A1E7A4F7556}") = "Test_WindowsWINAPI_Input", "Tests\Test_WindowsWINAPI_Input\Test_WindowsWINAPI_Input.csproj", "{ACE726AA-FBD6-4AE3-B363-5A78A611104F}"
EndProject
Project("{9A19103F-16F7-4668-BE54-9A1E7A4F7556}") = "Test_XUnitTests_AdditionalTests", "Tests\Test_XUnitTests_AdditionalTests\Test_XUnitTests_AdditionalTests.csproj", "{D7C057E5-F218-4DB7-A21B-61E61AD4206D}"
EndProject
Project("{FAE04EC0-301F-11D3-BF4B-00C04F79EFBC}") = "KD.AutoBot.Game.TicTacToe.GeneticSharp", "Game\TicTacToe\KD.AutoBot.Game.TicTacToe.GeneticSharp\KD.AutoBot.Game.TicTacToe.GeneticSharp.csproj", "{F99517D0-F154-40D4-B5FD-24D918C93E94}"
EndProject
Project("{9A19103F-16F7-4668-BE54-9A1E7A4F7556}") = "Test_BasicDataHolder", "Tests\Test_BasicDataHolder\Test_BasicDataHolder.csproj", "{7F10896F-637A-479E-A556-5DC01EB3153D}"
EndProject
Project("{FAE04EC0-301F-11D3-BF4B-00C04F79EFBC}") = "Test_Game_TicTacToe_FitnessFunction", "Tests\Test_Game_TicTacToe_FitnessFunction\Test_Game_TicTacToe_FitnessFunction.csproj", "{7BF32EC9-CAF6-4FC6-B727-967085DC36F9}"
EndProject
Project("{FAE04EC0-301F-11D3-BF4B-00C04F79EFBC}") = "KD.AutoBot.Game.TicTacToe", "Game\TicTacToe\KD.AutoBot.Game.TicTacToe\KD.AutoBot.Game.TicTacToe.csproj", "{A67F7CCD-D184-40B6-AA15-D4EE60529B6D}"
EndProject
Project("{9A19103F-16F7-4668-BE54-9A1E7A4F7556}") = "Test_Game_TicTacToe_ConnectToGame", "Tests\Test_Game_TicTacToe_ConnectToGame\Test_Game_TicTacToe_ConnectToGame.csproj", "{FCAF9151-3571-4B00-9E24-5D504BBAAFC4}"
EndProject
Project("{9A19103F-16F7-4668-BE54-9A1E7A4F7556}") = "Test_Game_TicTacToe_FindCurrentPlayerChar", "Tests\Test_Game_TicTacToe_FindCurrentPlayerChar\Test_Game_TicTacToe_FindCurrentPlayerChar.csproj", "{4CDCCD45-0A45-4C09-A7C7-E29CE893B31C}"
EndProject
Project("{FAE04EC0-301F-11D3-BF4B-00C04F79EFBC}") = "Test_Game_TicTacToe_TestAutoBot", "Tests\Test_Game_TicTacToe_TestAutoBot\Test_Game_TicTacToe_TestAutoBot.csproj", "{2F52D024-8A78-4144-BE46-2E988FD0BB4F}"
EndProject
Project("{2150E333-8FDC-42A3-9474-1A3956D46DE8}") = "Checkers", "Checkers", "{670B9086-5F83-4197-A9E0-51223339F01C}"
EndProject
Project("{9A19103F-16F7-4668-BE54-9A1E7A4F7556}") = "KD.AutoBot.Game.TicTacToe.Settings", "Game\TicTacToe\KD.AutoBot.Game.TicTacToe.Settings\KD.AutoBot.Game.TicTacToe.Settings.csproj", "{53F932E2-5267-4BF4-A9FC-58553A51861C}"
EndProject
Project("{9A19103F-16F7-4668-BE54-9A1E7A4F7556}") = "Test_Game_TicTacToe_NeuralNetwork_BasicIO", "Tests\Test_Game_TicTacToe_NeuralNetwork_BasicIO\Test_Game_TicTacToe_NeuralNetwork_BasicIO.csproj", "{66325F8C-A530-4E46-8959-5B4E2BD7A34D}"
EndProject
Global
	GlobalSection(SolutionConfigurationPlatforms) = preSolution
		Debug|Any CPU = Debug|Any CPU
		Release|Any CPU = Release|Any CPU
	EndGlobalSection
	GlobalSection(ProjectConfigurationPlatforms) = postSolution
		{4D0A7C4C-BA46-49D0-A176-2C487F4BA17A}.Debug|Any CPU.ActiveCfg = Debug|Any CPU
		{4D0A7C4C-BA46-49D0-A176-2C487F4BA17A}.Debug|Any CPU.Build.0 = Debug|Any CPU
		{4D0A7C4C-BA46-49D0-A176-2C487F4BA17A}.Release|Any CPU.ActiveCfg = Release|Any CPU
		{4D0A7C4C-BA46-49D0-A176-2C487F4BA17A}.Release|Any CPU.Build.0 = Release|Any CPU
		{82FB74DC-10D3-466D-ACEE-8E8B379B8E4F}.Debug|Any CPU.ActiveCfg = Debug|Any CPU
		{82FB74DC-10D3-466D-ACEE-8E8B379B8E4F}.Debug|Any CPU.Build.0 = Debug|Any CPU
		{82FB74DC-10D3-466D-ACEE-8E8B379B8E4F}.Release|Any CPU.ActiveCfg = Release|Any CPU
		{82FB74DC-10D3-466D-ACEE-8E8B379B8E4F}.Release|Any CPU.Build.0 = Release|Any CPU
		{FA99A207-BFDE-4F04-9157-37C8CAA55215}.Debug|Any CPU.ActiveCfg = Debug|Any CPU
		{FA99A207-BFDE-4F04-9157-37C8CAA55215}.Debug|Any CPU.Build.0 = Debug|Any CPU
		{FA99A207-BFDE-4F04-9157-37C8CAA55215}.Release|Any CPU.ActiveCfg = Release|Any CPU
		{FA99A207-BFDE-4F04-9157-37C8CAA55215}.Release|Any CPU.Build.0 = Release|Any CPU
		{1428CB94-9F10-4EBE-ADD2-512AE11F0D59}.Debug|Any CPU.ActiveCfg = Debug|Any CPU
		{1428CB94-9F10-4EBE-ADD2-512AE11F0D59}.Debug|Any CPU.Build.0 = Debug|Any CPU
		{1428CB94-9F10-4EBE-ADD2-512AE11F0D59}.Release|Any CPU.ActiveCfg = Release|Any CPU
		{1428CB94-9F10-4EBE-ADD2-512AE11F0D59}.Release|Any CPU.Build.0 = Release|Any CPU
		{77A2613F-3C30-4A9B-B8A5-C3D281B0C0E6}.Debug|Any CPU.ActiveCfg = Debug|Any CPU
		{77A2613F-3C30-4A9B-B8A5-C3D281B0C0E6}.Debug|Any CPU.Build.0 = Debug|Any CPU
		{77A2613F-3C30-4A9B-B8A5-C3D281B0C0E6}.Release|Any CPU.ActiveCfg = Release|Any CPU
		{77A2613F-3C30-4A9B-B8A5-C3D281B0C0E6}.Release|Any CPU.Build.0 = Release|Any CPU
		{AF3441D5-3587-4672-A1D1-833DF2573C24}.Debug|Any CPU.ActiveCfg = Debug|Any CPU
		{AF3441D5-3587-4672-A1D1-833DF2573C24}.Debug|Any CPU.Build.0 = Debug|Any CPU
		{AF3441D5-3587-4672-A1D1-833DF2573C24}.Release|Any CPU.ActiveCfg = Release|Any CPU
		{AF3441D5-3587-4672-A1D1-833DF2573C24}.Release|Any CPU.Build.0 = Release|Any CPU
		{BB09FC06-4D6A-4BF5-934F-5B11B860BA16}.Debug|Any CPU.ActiveCfg = Debug|Any CPU
		{BB09FC06-4D6A-4BF5-934F-5B11B860BA16}.Debug|Any CPU.Build.0 = Debug|Any CPU
		{BB09FC06-4D6A-4BF5-934F-5B11B860BA16}.Release|Any CPU.ActiveCfg = Release|Any CPU
		{BB09FC06-4D6A-4BF5-934F-5B11B860BA16}.Release|Any CPU.Build.0 = Release|Any CPU
		{387975F9-F06E-467B-B0EF-03769BD911C1}.Debug|Any CPU.ActiveCfg = Debug|Any CPU
		{387975F9-F06E-467B-B0EF-03769BD911C1}.Debug|Any CPU.Build.0 = Debug|Any CPU
		{387975F9-F06E-467B-B0EF-03769BD911C1}.Release|Any CPU.ActiveCfg = Release|Any CPU
		{387975F9-F06E-467B-B0EF-03769BD911C1}.Release|Any CPU.Build.0 = Release|Any CPU
		{5CE4D6E5-D5FA-40CE-8783-20E257C6AFF1}.Debug|Any CPU.ActiveCfg = Debug|Any CPU
		{5CE4D6E5-D5FA-40CE-8783-20E257C6AFF1}.Debug|Any CPU.Build.0 = Debug|Any CPU
		{5CE4D6E5-D5FA-40CE-8783-20E257C6AFF1}.Release|Any CPU.ActiveCfg = Release|Any CPU
		{5CE4D6E5-D5FA-40CE-8783-20E257C6AFF1}.Release|Any CPU.Build.0 = Release|Any CPU
		{DE4DAB53-D81C-4BD1-8C57-9B78A1F1F7AB}.Debug|Any CPU.ActiveCfg = Debug|Any CPU
		{DE4DAB53-D81C-4BD1-8C57-9B78A1F1F7AB}.Debug|Any CPU.Build.0 = Debug|Any CPU
		{DE4DAB53-D81C-4BD1-8C57-9B78A1F1F7AB}.Release|Any CPU.ActiveCfg = Release|Any CPU
		{DE4DAB53-D81C-4BD1-8C57-9B78A1F1F7AB}.Release|Any CPU.Build.0 = Release|Any CPU
		{9A32BC10-FAE7-42FD-AE34-F64FC26860B8}.Debug|Any CPU.ActiveCfg = Debug|Any CPU
		{9A32BC10-FAE7-42FD-AE34-F64FC26860B8}.Debug|Any CPU.Build.0 = Debug|Any CPU
		{9A32BC10-FAE7-42FD-AE34-F64FC26860B8}.Release|Any CPU.ActiveCfg = Release|Any CPU
		{9A32BC10-FAE7-42FD-AE34-F64FC26860B8}.Release|Any CPU.Build.0 = Release|Any CPU
		{ACE726AA-FBD6-4AE3-B363-5A78A611104F}.Debug|Any CPU.ActiveCfg = Debug|Any CPU
		{ACE726AA-FBD6-4AE3-B363-5A78A611104F}.Debug|Any CPU.Build.0 = Debug|Any CPU
		{ACE726AA-FBD6-4AE3-B363-5A78A611104F}.Release|Any CPU.ActiveCfg = Release|Any CPU
		{ACE726AA-FBD6-4AE3-B363-5A78A611104F}.Release|Any CPU.Build.0 = Release|Any CPU
		{D7C057E5-F218-4DB7-A21B-61E61AD4206D}.Debug|Any CPU.ActiveCfg = Debug|Any CPU
		{D7C057E5-F218-4DB7-A21B-61E61AD4206D}.Debug|Any CPU.Build.0 = Debug|Any CPU
		{D7C057E5-F218-4DB7-A21B-61E61AD4206D}.Release|Any CPU.ActiveCfg = Release|Any CPU
		{D7C057E5-F218-4DB7-A21B-61E61AD4206D}.Release|Any CPU.Build.0 = Release|Any CPU
		{F99517D0-F154-40D4-B5FD-24D918C93E94}.Debug|Any CPU.ActiveCfg = Debug|Any CPU
		{F99517D0-F154-40D4-B5FD-24D918C93E94}.Debug|Any CPU.Build.0 = Debug|Any CPU
		{F99517D0-F154-40D4-B5FD-24D918C93E94}.Release|Any CPU.ActiveCfg = Release|Any CPU
		{F99517D0-F154-40D4-B5FD-24D918C93E94}.Release|Any CPU.Build.0 = Release|Any CPU
		{7F10896F-637A-479E-A556-5DC01EB3153D}.Debug|Any CPU.ActiveCfg = Debug|Any CPU
		{7F10896F-637A-479E-A556-5DC01EB3153D}.Debug|Any CPU.Build.0 = Debug|Any CPU
		{7F10896F-637A-479E-A556-5DC01EB3153D}.Release|Any CPU.ActiveCfg = Release|Any CPU
		{7F10896F-637A-479E-A556-5DC01EB3153D}.Release|Any CPU.Build.0 = Release|Any CPU
		{7BF32EC9-CAF6-4FC6-B727-967085DC36F9}.Debug|Any CPU.ActiveCfg = Debug|Any CPU
		{7BF32EC9-CAF6-4FC6-B727-967085DC36F9}.Debug|Any CPU.Build.0 = Debug|Any CPU
		{7BF32EC9-CAF6-4FC6-B727-967085DC36F9}.Release|Any CPU.ActiveCfg = Release|Any CPU
		{7BF32EC9-CAF6-4FC6-B727-967085DC36F9}.Release|Any CPU.Build.0 = Release|Any CPU
		{A67F7CCD-D184-40B6-AA15-D4EE60529B6D}.Debug|Any CPU.ActiveCfg = Debug|Any CPU
		{A67F7CCD-D184-40B6-AA15-D4EE60529B6D}.Debug|Any CPU.Build.0 = Debug|Any CPU
		{A67F7CCD-D184-40B6-AA15-D4EE60529B6D}.Release|Any CPU.ActiveCfg = Release|Any CPU
		{A67F7CCD-D184-40B6-AA15-D4EE60529B6D}.Release|Any CPU.Build.0 = Release|Any CPU
		{FCAF9151-3571-4B00-9E24-5D504BBAAFC4}.Debug|Any CPU.ActiveCfg = Debug|Any CPU
		{FCAF9151-3571-4B00-9E24-5D504BBAAFC4}.Debug|Any CPU.Build.0 = Debug|Any CPU
		{FCAF9151-3571-4B00-9E24-5D504BBAAFC4}.Release|Any CPU.ActiveCfg = Release|Any CPU
		{FCAF9151-3571-4B00-9E24-5D504BBAAFC4}.Release|Any CPU.Build.0 = Release|Any CPU
		{4CDCCD45-0A45-4C09-A7C7-E29CE893B31C}.Debug|Any CPU.ActiveCfg = Debug|Any CPU
		{4CDCCD45-0A45-4C09-A7C7-E29CE893B31C}.Debug|Any CPU.Build.0 = Debug|Any CPU
		{4CDCCD45-0A45-4C09-A7C7-E29CE893B31C}.Release|Any CPU.ActiveCfg = Release|Any CPU
		{4CDCCD45-0A45-4C09-A7C7-E29CE893B31C}.Release|Any CPU.Build.0 = Release|Any CPU
		{2F52D024-8A78-4144-BE46-2E988FD0BB4F}.Debug|Any CPU.ActiveCfg = Debug|Any CPU
		{2F52D024-8A78-4144-BE46-2E988FD0BB4F}.Debug|Any CPU.Build.0 = Debug|Any CPU
		{2F52D024-8A78-4144-BE46-2E988FD0BB4F}.Release|Any CPU.ActiveCfg = Release|Any CPU
		{2F52D024-8A78-4144-BE46-2E988FD0BB4F}.Release|Any CPU.Build.0 = Release|Any CPU
		{53F932E2-5267-4BF4-A9FC-58553A51861C}.Debug|Any CPU.ActiveCfg = Debug|Any CPU
		{53F932E2-5267-4BF4-A9FC-58553A51861C}.Debug|Any CPU.Build.0 = Debug|Any CPU
		{53F932E2-5267-4BF4-A9FC-58553A51861C}.Release|Any CPU.ActiveCfg = Release|Any CPU
		{53F932E2-5267-4BF4-A9FC-58553A51861C}.Release|Any CPU.Build.0 = Release|Any CPU
		{66325F8C-A530-4E46-8959-5B4E2BD7A34D}.Debug|Any CPU.ActiveCfg = Debug|Any CPU
		{66325F8C-A530-4E46-8959-5B4E2BD7A34D}.Debug|Any CPU.Build.0 = Debug|Any CPU
		{66325F8C-A530-4E46-8959-5B4E2BD7A34D}.Release|Any CPU.ActiveCfg = Release|Any CPU
		{66325F8C-A530-4E46-8959-5B4E2BD7A34D}.Release|Any CPU.Build.0 = Release|Any CPU
	EndGlobalSection
	GlobalSection(SolutionProperties) = preSolution
		HideSolutionNode = FALSE
	EndGlobalSection
	GlobalSection(NestedProjects) = preSolution
		{9373882C-0132-4233-AA2A-635A9F3B01AE} = {FFFEF4FD-E617-41C9-BFB7-D62FD60B1636}
		{CD09B200-F0CC-478C-BAB9-C66C58949FCA} = {2A9C44E2-5A24-49A3-9972-A65BCD737214}
		{4D0A7C4C-BA46-49D0-A176-2C487F4BA17A} = {0E610B9C-C406-4DA4-9603-D74ABE1C5AC9}
		{82FB74DC-10D3-466D-ACEE-8E8B379B8E4F} = {0E610B9C-C406-4DA4-9603-D74ABE1C5AC9}
		{FA99A207-BFDE-4F04-9157-37C8CAA55215} = {0E610B9C-C406-4DA4-9603-D74ABE1C5AC9}
		{1428CB94-9F10-4EBE-ADD2-512AE11F0D59} = {CD09B200-F0CC-478C-BAB9-C66C58949FCA}
		{77A2613F-3C30-4A9B-B8A5-C3D281B0C0E6} = {9373882C-0132-4233-AA2A-635A9F3B01AE}
		{AF3441D5-3587-4672-A1D1-833DF2573C24} = {9373882C-0132-4233-AA2A-635A9F3B01AE}
		{BB09FC06-4D6A-4BF5-934F-5B11B860BA16} = {B57AF87B-C8E8-445C-BFF9-98D1CF9D2F82}
		{387975F9-F06E-467B-B0EF-03769BD911C1} = {B57AF87B-C8E8-445C-BFF9-98D1CF9D2F82}
		{5CE4D6E5-D5FA-40CE-8783-20E257C6AFF1} = {B57AF87B-C8E8-445C-BFF9-98D1CF9D2F82}
		{DE4DAB53-D81C-4BD1-8C57-9B78A1F1F7AB} = {B57AF87B-C8E8-445C-BFF9-98D1CF9D2F82}
		{9A32BC10-FAE7-42FD-AE34-F64FC26860B8} = {B57AF87B-C8E8-445C-BFF9-98D1CF9D2F82}
		{ACE726AA-FBD6-4AE3-B363-5A78A611104F} = {B57AF87B-C8E8-445C-BFF9-98D1CF9D2F82}
		{D7C057E5-F218-4DB7-A21B-61E61AD4206D} = {B57AF87B-C8E8-445C-BFF9-98D1CF9D2F82}
		{F99517D0-F154-40D4-B5FD-24D918C93E94} = {CD09B200-F0CC-478C-BAB9-C66C58949FCA}
		{7F10896F-637A-479E-A556-5DC01EB3153D} = {B57AF87B-C8E8-445C-BFF9-98D1CF9D2F82}
		{7BF32EC9-CAF6-4FC6-B727-967085DC36F9} = {B57AF87B-C8E8-445C-BFF9-98D1CF9D2F82}
		{A67F7CCD-D184-40B6-AA15-D4EE60529B6D} = {CD09B200-F0CC-478C-BAB9-C66C58949FCA}
		{FCAF9151-3571-4B00-9E24-5D504BBAAFC4} = {B57AF87B-C8E8-445C-BFF9-98D1CF9D2F82}
		{4CDCCD45-0A45-4C09-A7C7-E29CE893B31C} = {B57AF87B-C8E8-445C-BFF9-98D1CF9D2F82}
		{2F52D024-8A78-4144-BE46-2E988FD0BB4F} = {B57AF87B-C8E8-445C-BFF9-98D1CF9D2F82}
		{670B9086-5F83-4197-A9E0-51223339F01C} = {2A9C44E2-5A24-49A3-9972-A65BCD737214}
		{53F932E2-5267-4BF4-A9FC-58553A51861C} = {CD09B200-F0CC-478C-BAB9-C66C58949FCA}
		{66325F8C-A530-4E46-8959-5B4E2BD7A34D} = {B57AF87B-C8E8-445C-BFF9-98D1CF9D2F82}
	EndGlobalSection
	GlobalSection(ExtensibilityGlobals) = postSolution
		SolutionGuid = {130DE857-F2F1-4108-BBE6-0BBB0DF7C3D3}
	EndGlobalSection
EndGlobal
